
Microsoft Visual Studio Solution File, Format Version 12.00
# Visual Studio Version 16
VisualStudioVersion = 16.0.30804.86
MinimumVisualStudioVersion = 10.0.40219.1
Project("{9A19103F-16F7-4668-BE54-9A1E7A4F7556}") = "MyNoSqlAccessor.AzureTable", "MyAzureTableAccessor\MyNoSqlAccessor.AzureTable.csproj", "{53E56E50-C535-4E81-96FE-153F972607E6}"
EndProject
Project("{9A19103F-16F7-4668-BE54-9A1E7A4F7556}") = "MyNoSqlAccessor.Abstractions", "MyNoSqlAccessor.Abstractions\MyNoSqlAccessor.Abstractions.csproj", "{8ED2F80B-20A7-41F3-BE75-36950CA00987}"
EndProject
Project("{FAE04EC0-301F-11D3-BF4B-00C04F79EFBC}") = "MyNoSqlAccessor.AzureTable.Tests", "MyNoSqlAccessor.AzureTable.Tests\MyNoSqlAccessor.AzureTable.Tests.csproj", "{3A529009-A0F7-4C09-82ED-9E7551C1E0ED}"
EndProject
Global
	GlobalSection(SolutionConfigurationPlatforms) = preSolution
		Debug|Any CPU = Debug|Any CPU
		Release|Any CPU = Release|Any CPU
	EndGlobalSection
	GlobalSection(ProjectConfigurationPlatforms) = postSolution
		{53E56E50-C535-4E81-96FE-153F972607E6}.Debug|Any CPU.ActiveCfg = Debug|Any CPU
		{53E56E50-C535-4E81-96FE-153F972607E6}.Debug|Any CPU.Build.0 = Debug|Any CPU
		{53E56E50-C535-4E81-96FE-153F972607E6}.Release|Any CPU.ActiveCfg = Release|Any CPU
		{53E56E50-C535-4E81-96FE-153F972607E6}.Release|Any CPU.Build.0 = Release|Any CPU
		{8ED2F80B-20A7-41F3-BE75-36950CA00987}.Debug|Any CPU.ActiveCfg = Debug|Any CPU
		{8ED2F80B-20A7-41F3-BE75-36950CA00987}.Debug|Any CPU.Build.0 = Debug|Any CPU
		{8ED2F80B-20A7-41F3-BE75-36950CA00987}.Release|Any CPU.ActiveCfg = Release|Any CPU
		{8ED2F80B-20A7-41F3-BE75-36950CA00987}.Release|Any CPU.Build.0 = Release|Any CPU
		{3A529009-A0F7-4C09-82ED-9E7551C1E0ED}.Debug|Any CPU.ActiveCfg = Debug|Any CPU
		{3A529009-A0F7-4C09-82ED-9E7551C1E0ED}.Debug|Any CPU.Build.0 = Debug|Any CPU
		{3A529009-A0F7-4C09-82ED-9E7551C1E0ED}.Release|Any CPU.ActiveCfg = Release|Any CPU
		{3A529009-A0F7-4C09-82ED-9E7551C1E0ED}.Release|Any CPU.Build.0 = Release|Any CPU
	EndGlobalSection
	GlobalSection(SolutionProperties) = preSolution
		HideSolutionNode = FALSE
	EndGlobalSection
	GlobalSection(ExtensibilityGlobals) = postSolution
		SolutionGuid = {D7656961-ACFD-4DA0-BBB5-270B92A03058}
	EndGlobalSection
EndGlobal
